
Microsoft Visual Studio Solution File, Format Version 12.00
# Visual Studio Version 16
VisualStudioVersion = 16.0.30611.23
MinimumVisualStudioVersion = 10.0.40219.1
Project("{FAE04EC0-301F-11D3-BF4B-00C04F79EFBC}") = "WebApplication31_Core_demo", "WebApplication31_Core_demo\WebApplication31_Core_demo.csproj", "{CF9A66C0-1E2B-444F-A1ED-A9962637B46C}"
EndProject
Project("{FAE04EC0-301F-11D3-BF4B-00C04F79EFBC}") = "DataModel", "DataModel\DataModel.csproj", "{5791AB84-B69F-487C-B5D9-36081842093E}"
EndProject
Project("{FAE04EC0-301F-11D3-BF4B-00C04F79EFBC}") = "DAL", "DAL\DAL.csproj", "{A12E082F-0128-42D1-845F-97C434AEEF69}"
EndProject
Project("{FAE04EC0-301F-11D3-BF4B-00C04F79EFBC}") = "BLL", "BLL\BLL.csproj", "{CD2C2D76-8280-4BEA-9547-0EB1F99EB4D1}"
EndProject
Project("{FAE04EC0-301F-11D3-BF4B-00C04F79EFBC}") = "IBLL", "IBLL\IBLL.csproj", "{621A5E5F-2815-48B0-8B26-662EDF0D73BD}"
EndProject
Global
	GlobalSection(SolutionConfigurationPlatforms) = preSolution
		Debug|Any CPU = Debug|Any CPU
		Release|Any CPU = Release|Any CPU
	EndGlobalSection
	GlobalSection(ProjectConfigurationPlatforms) = postSolution
		{CF9A66C0-1E2B-444F-A1ED-A9962637B46C}.Debug|Any CPU.ActiveCfg = Debug|Any CPU
		{CF9A66C0-1E2B-444F-A1ED-A9962637B46C}.Debug|Any CPU.Build.0 = Debug|Any CPU
		{CF9A66C0-1E2B-444F-A1ED-A9962637B46C}.Release|Any CPU.ActiveCfg = Release|Any CPU
		{CF9A66C0-1E2B-444F-A1ED-A9962637B46C}.Release|Any CPU.Build.0 = Release|Any CPU
		{5791AB84-B69F-487C-B5D9-36081842093E}.Debug|Any CPU.ActiveCfg = Debug|Any CPU
		{5791AB84-B69F-487C-B5D9-36081842093E}.Debug|Any CPU.Build.0 = Debug|Any CPU
		{5791AB84-B69F-487C-B5D9-36081842093E}.Release|Any CPU.ActiveCfg = Release|Any CPU
		{5791AB84-B69F-487C-B5D9-36081842093E}.Release|Any CPU.Build.0 = Release|Any CPU
		{A12E082F-0128-42D1-845F-97C434AEEF69}.Debug|Any CPU.ActiveCfg = Debug|Any CPU
		{A12E082F-0128-42D1-845F-97C434AEEF69}.Debug|Any CPU.Build.0 = Debug|Any CPU
		{A12E082F-0128-42D1-845F-97C434AEEF69}.Release|Any CPU.ActiveCfg = Release|Any CPU
		{A12E082F-0128-42D1-845F-97C434AEEF69}.Release|Any CPU.Build.0 = Release|Any CPU
		{CD2C2D76-8280-4BEA-9547-0EB1F99EB4D1}.Debug|Any CPU.ActiveCfg = Debug|Any CPU
		{CD2C2D76-8280-4BEA-9547-0EB1F99EB4D1}.Debug|Any CPU.Build.0 = Debug|Any CPU
		{CD2C2D76-8280-4BEA-9547-0EB1F99EB4D1}.Release|Any CPU.ActiveCfg = Release|Any CPU
		{CD2C2D76-8280-4BEA-9547-0EB1F99EB4D1}.Release|Any CPU.Build.0 = Release|Any CPU
		{621A5E5F-2815-48B0-8B26-662EDF0D73BD}.Debug|Any CPU.ActiveCfg = Debug|Any CPU
		{621A5E5F-2815-48B0-8B26-662EDF0D73BD}.Debug|Any CPU.Build.0 = Debug|Any CPU
		{621A5E5F-2815-48B0-8B26-662EDF0D73BD}.Release|Any CPU.ActiveCfg = Release|Any CPU
		{621A5E5F-2815-48B0-8B26-662EDF0D73BD}.Release|Any CPU.Build.0 = Release|Any CPU
	EndGlobalSection
	GlobalSection(SolutionProperties) = preSolution
		HideSolutionNode = FALSE
	EndGlobalSection
	GlobalSection(ExtensibilityGlobals) = postSolution
		SolutionGuid = {CFC2068F-31BD-47A9-A054-3DC694EBC6A1}
	EndGlobalSection
EndGlobal
